
Microsoft Visual Studio Solution File, Format Version 12.00
# Visual Studio 14
VisualStudioVersion = 14.0.25420.1
MinimumVisualStudioVersion = 10.0.40219.1
Project("{FAE04EC0-301F-11D3-BF4B-00C04F79EFBC}") = "ComplexObjectPersistence", "ComplexObjectPersistence\ComplexObjectPersistence.csproj", "{2DEFB16D-2D70-496A-A91C-B48ED339E67B}"
EndProject
Project("{FAE04EC0-301F-11D3-BF4B-00C04F79EFBC}") = "ComplexModelPersistence.Tests", "ComplexModelPersistence.Tests\ComplexModelPersistence.Tests.csproj", "{FB12112C-5C6C-42DE-BEA8-86D7EDA780B6}"
EndProject
Global
	GlobalSection(SolutionConfigurationPlatforms) = preSolution
		Debug|Any CPU = Debug|Any CPU
		Release|Any CPU = Release|Any CPU
	EndGlobalSection
	GlobalSection(ProjectConfigurationPlatforms) = postSolution
		{2DEFB16D-2D70-496A-A91C-B48ED339E67B}.Debug|Any CPU.ActiveCfg = Debug|Any CPU
		{2DEFB16D-2D70-496A-A91C-B48ED339E67B}.Debug|Any CPU.Build.0 = Debug|Any CPU
		{2DEFB16D-2D70-496A-A91C-B48ED339E67B}.Release|Any CPU.ActiveCfg = Release|Any CPU
		{2DEFB16D-2D70-496A-A91C-B48ED339E67B}.Release|Any CPU.Build.0 = Release|Any CPU
		{FB12112C-5C6C-42DE-BEA8-86D7EDA780B6}.Debug|Any CPU.ActiveCfg = Debug|Any CPU
		{FB12112C-5C6C-42DE-BEA8-86D7EDA780B6}.Debug|Any CPU.Build.0 = Debug|Any CPU
		{FB12112C-5C6C-42DE-BEA8-86D7EDA780B6}.Release|Any CPU.ActiveCfg = Release|Any CPU
		{FB12112C-5C6C-42DE-BEA8-86D7EDA780B6}.Release|Any CPU.Build.0 = Release|Any CPU
	EndGlobalSection
	GlobalSection(SolutionProperties) = preSolution
		HideSolutionNode = FALSE
	EndGlobalSection
EndGlobal
